// !$*UTF8*$!
{
	archiveVersion = 1;
	classes = {
	};
	objectVersion = 56;
	objects = {

/* Begin PBXBuildFile section */
		78172AB82CAC62A600337DF6 /* Class.swift in Sources */ = {isa = PBXBuildFile; fileRef = 78172AB72CAC62A600337DF6 /* Class.swift */; };
		78172ABA2CAC63B800337DF6 /* StoryView.swift in Sources */ = {isa = PBXBuildFile; fileRef = 78172AB92CAC63B800337DF6 /* StoryView.swift */; };
		78D955052CAB1630009D6DDD /* MadLibHackwichApp.swift in Sources */ = {isa = PBXBuildFile; fileRef = 78D955042CAB1630009D6DDD /* MadLibHackwichApp.swift */; };
		78D955072CAB1630009D6DDD /* ContentView.swift in Sources */ = {isa = PBXBuildFile; fileRef = 78D955062CAB1630009D6DDD /* ContentView.swift */; };
		78D955092CAB1632009D6DDD /* Assets.xcassets in Resources */ = {isa = PBXBuildFile; fileRef = 78D955082CAB1632009D6DDD /* Assets.xcassets */; };
		78D9550C2CAB1632009D6DDD /* Preview Assets.xcassets in Resources */ = {isa = PBXBuildFile; fileRef = 78D9550B2CAB1632009D6DDD /* Preview Assets.xcassets */; };
		78D955192CAB1AB5009D6DDD /* VerbView.swift in Sources */ = {isa = PBXBuildFile; fileRef = 78D955182CAB1AB5009D6DDD /* VerbView.swift */; };
		78D9551B2CAB1AC8009D6DDD /* AdjectiveView.swift in Sources */ = {isa = PBXBuildFile; fileRef = 78D9551A2CAB1AC8009D6DDD /* AdjectiveView.swift */; };
/* End PBXBuildFile section */

/* Begin PBXFileReference section */
		78172AB72CAC62A600337DF6 /* Class.swift */ = {isa = PBXFileReference; lastKnownFileType = sourcecode.swift; path = Class.swift; sourceTree = "<group>"; };
		78172AB92CAC63B800337DF6 /* StoryView.swift */ = {isa = PBXFileReference; lastKnownFileType = sourcecode.swift; path = StoryView.swift; sourceTree = "<group>"; };
		78D955012CAB1630009D6DDD /* MadLibHackwich.app */ = {isa = PBXFileReference; explicitFileType = wrapper.application; includeInIndex = 0; path = MadLibHackwich.app; sourceTree = BUILT_PRODUCTS_DIR; };
		78D955042CAB1630009D6DDD /* MadLibHackwichApp.swift */ = {isa = PBXFileReference; lastKnownFileType = sourcecode.swift; path = MadLibHackwichApp.swift; sourceTree = "<group>"; };
		78D955062CAB1630009D6DDD /* ContentView.swift */ = {isa = PBXFileReference; lastKnownFileType = sourcecode.swift; path = ContentView.swift; sourceTree = "<group>"; };
		78D955082CAB1632009D6DDD /* Assets.xcassets */ = {isa = PBXFileReference; lastKnownFileType = folder.assetcatalog; path = Assets.xcassets; sourceTree = "<group>"; };
		78D9550B2CAB1632009D6DDD /* Preview Assets.xcassets */ = {isa = PBXFileReference; lastKnownFileType = folder.assetcatalog; path = "Preview Assets.xcassets"; sourceTree = "<group>"; };
		78D955182CAB1AB5009D6DDD /* VerbView.swift */ = {isa = PBXFileReference; fileEncoding = 4; lastKnownFileType = sourcecode.swift; path = VerbView.swift; sourceTree = "<group>"; };
		78D9551A2CAB1AC8009D6DDD /* AdjectiveView.swift */ = {isa = PBXFileReference; fileEncoding = 4; lastKnownFileType = sourcecode.swift; path = AdjectiveView.swift; sourceTree = "<group>"; };
/* End PBXFileReference section */

/* Begin PBXFrameworksBuildPhase section */
		78D954FE2CAB1630009D6DDD /* Frameworks */ = {
			isa = PBXFrameworksBuildPhase;
			buildActionMask = 2147483647;
			files = (
			);
			runOnlyForDeploymentPostprocessing = 0;
		};
/* End PBXFrameworksBuildPhase section */

/* Begin PBXGroup section */
		78D954F82CAB1630009D6DDD = {
			isa = PBXGroup;
			children = (
				78D955032CAB1630009D6DDD /* MadLibHackwich */,
				78D955022CAB1630009D6DDD /* Products */,
			);
			sourceTree = "<group>";
		};
		78D955022CAB1630009D6DDD /* Products */ = {
			isa = PBXGroup;
			children = (
				78D955012CAB1630009D6DDD /* MadLibHackwich.app */,
			);
			name = Products;
			sourceTree = "<group>";
		};
		78D955032CAB1630009D6DDD /* MadLibHackwich */ = {
			isa = PBXGroup;
			children = (
				78D955042CAB1630009D6DDD /* MadLibHackwichApp.swift */,
				78172AB72CAC62A600337DF6 /* Class.swift */,
				78D955062CAB1630009D6DDD /* ContentView.swift */,
				78172AB92CAC63B800337DF6 /* StoryView.swift */,
				78D955182CAB1AB5009D6DDD /* VerbView.swift */,
				78D9551A2CAB1AC8009D6DDD /* AdjectiveView.swift */,
				78D955082CAB1632009D6DDD /* Assets.xcassets */,
				78D9550A2CAB1632009D6DDD /* Preview Content */,
			);
			path = MadLibHackwich;
			sourceTree = "<group>";
		};
		78D9550A2CAB1632009D6DDD /* Preview Content */ = {
			isa = PBXGroup;
			children = (
				78D9550B2CAB1632009D6DDD /* Preview Assets.xcassets */,
			);
			path = "Preview Content";
			sourceTree = "<group>";
		};
/* End PBXGroup section */

/* Begin PBXNativeTarget section */
		78D955002CAB1630009D6DDD /* MadLibHackwich */ = {
			isa = PBXNativeTarget;
			buildConfigurationList = 78D9550F2CAB1632009D6DDD /* Build configuration list for PBXNativeTarget "MadLibHackwich" */;
			buildPhases = (
				78D954FD2CAB1630009D6DDD /* Sources */,
				78D954FE2CAB1630009D6DDD /* Frameworks */,
				78D954FF2CAB1630009D6DDD /* Resources */,
			);
			buildRules = (
			);
			dependencies = (
			);
			name = MadLibHackwich;
			productName = MadLibHackwich;
			productReference = 78D955012CAB1630009D6DDD /* MadLibHackwich.app */;
			productType = "com.apple.product-type.application";
		};
/* End PBXNativeTarget section */

/* Begin PBXProject section */
		78D954F92CAB1630009D6DDD /* Project object */ = {
			isa = PBXProject;
			attributes = {
				BuildIndependentTargetsInParallel = 1;
				LastSwiftUpdateCheck = 1520;
				LastUpgradeCheck = 1520;
				TargetAttributes = {
					78D955002CAB1630009D6DDD = {
						CreatedOnToolsVersion = 15.2;
					};
				};
			};
			buildConfigurationList = 78D954FC2CAB1630009D6DDD /* Build configuration list for PBXProject "MadLibHackwich" */;
			compatibilityVersion = "Xcode 14.0";
			developmentRegion = en;
			hasScannedForEncodings = 0;
			knownRegions = (
				en,
				Base,
			);
			mainGroup = 78D954F82CAB1630009D6DDD;
			productRefGroup = 78D955022CAB1630009D6DDD /* Products */;
			projectDirPath = "";
			projectRoot = "";
			targets = (
				78D955002CAB1630009D6DDD /* MadLibHackwich */,
			);
		};
/* End PBXProject section */

/* Begin PBXResourcesBuildPhase section */
		78D954FF2CAB1630009D6DDD /* Resources */ = {
			isa = PBXResourcesBuildPhase;
			buildActionMask = 2147483647;
			files = (
				78D9550C2CAB1632009D6DDD /* Preview Assets.xcassets in Resources */,
				78D955092CAB1632009D6DDD /* Assets.xcassets in Resources */,
			);
			runOnlyForDeploymentPostprocessing = 0;
		};
/* End PBXResourcesBuildPhase section */

/* Begin PBXSourcesBuildPhase section */
		78D954FD2CAB1630009D6DDD /* Sources */ = {
			isa = PBXSourcesBuildPhase;
			buildActionMask = 2147483647;
			files = (
				78172ABA2CAC63B800337DF6 /* StoryView.swift in Sources */,
				78172AB82CAC62A600337DF6 /* Class.swift in Sources */,
				78D955072CAB1630009D6DDD /* ContentView.swift in Sources */,
				78D955052CAB1630009D6DDD /* MadLibHackwichApp.swift in Sources */,
				78D9551B2CAB1AC8009D6DDD /* AdjectiveView.swift in Sources */,
				78D955192CAB1AB5009D6DDD /* VerbView.swift in Sources */,
			);
			runOnlyForDeploymentPostprocessing = 0;
		};
/* End PBXSourcesBuildPhase section */

/* Begin XCBuildConfiguration section */
		78D9550D2CAB1632009D6DDD /* Debug */ = {
			isa = XCBuildConfiguration;
			buildSettings = {
				ALWAYS_SEARCH_USER_PATHS = NO;
				ASSETCATALOG_COMPILER_GENERATE_SWIFT_ASSET_SYMBOL_EXTENSIONS = YES;
				CLANG_ANALYZER_NONNULL = YES;
				CLANG_ANALYZER_NUMBER_OBJECT_CONVERSION = YES_AGGRESSIVE;
				CLANG_CXX_LANGUAGE_STANDARD = "gnu++20";
				CLANG_ENABLE_MODULES = YES;
				CLANG_ENABLE_OBJC_ARC = YES;
				CLANG_ENABLE_OBJC_WEAK = YES;
				CLANG_WARN_BLOCK_CAPTURE_AUTORELEASING = YES;
				CLANG_WARN_BOOL_CONVERSION = YES;
				CLANG_WARN_COMMA = YES;
				CLANG_WARN_CONSTANT_CONVERSION = YES;
				CLANG_WARN_DEPRECATED_OBJC_IMPLEMENTATIONS = YES;
				CLANG_WARN_DIRECT_OBJC_ISA_USAGE = YES_ERROR;
				CLANG_WARN_DOCUMENTATION_COMMENTS = YES;
				CLANG_WARN_EMPTY_BODY = YES;
				CLANG_WARN_ENUM_CONVERSION = YES;
				CLANG_WARN_INFINITE_RECURSION = YES;
				CLANG_WARN_INT_CONVERSION = YES;
				CLANG_WARN_NON_LITERAL_NULL_CONVERSION = YES;
				CLANG_WARN_OBJC_IMPLICIT_RETAIN_SELF = YES;
				CLANG_WARN_OBJC_LITERAL_CONVERSION = YES;
				CLANG_WARN_OBJC_ROOT_CLASS = YES_ERROR;
				CLANG_WARN_QUOTED_INCLUDE_IN_FRAMEWORK_HEADER = YES;
				CLANG_WARN_RANGE_LOOP_ANALYSIS = YES;
				CLANG_WARN_STRICT_PROTOTYPES = YES;
				CLANG_WARN_SUSPICIOUS_MOVE = YES;
				CLANG_WARN_UNGUARDED_AVAILABILITY = YES_AGGRESSIVE;
				CLANG_WARN_UNREACHABLE_CODE = YES;
				CLANG_WARN__DUPLICATE_METHOD_MATCH = YES;
				COPY_PHASE_STRIP = NO;
				DEBUG_INFORMATION_FORMAT = dwarf;
				ENABLE_STRICT_OBJC_MSGSEND = YES;
				ENABLE_TESTABILITY = YES;
				ENABLE_USER_SCRIPT_SANDBOXING = YES;
				GCC_C_LANGUAGE_STANDARD = gnu17;
				GCC_DYNAMIC_NO_PIC = NO;
				GCC_NO_COMMON_BLOCKS = YES;
				GCC_OPTIMIZATION_LEVEL = 0;
				GCC_PREPROCESSOR_DEFINITIONS = (
					"DEBUG=1",
					"$(inherited)",
				);
				GCC_WARN_64_TO_32_BIT_CONVERSION = YES;
				GCC_WARN_ABOUT_RETURN_TYPE = YES_ERROR;
				GCC_WARN_UNDECLARED_SELECTOR = YES;
				GCC_WARN_UNINITIALIZED_AUTOS = YES_AGGRESSIVE;
				GCC_WARN_UNUSED_FUNCTION = YES;
				GCC_WARN_UNUSED_VARIABLE = YES;
				IPHONEOS_DEPLOYMENT_TARGET = 17.2;
				LOCALIZATION_PREFERS_STRING_CATALOGS = YES;
				MTL_ENABLE_DEBUG_INFO = INCLUDE_SOURCE;
				MTL_FAST_MATH = YES;
				ONLY_ACTIVE_ARCH = YES;
				SDKROOT = iphoneos;
				SWIFT_ACTIVE_COMPILATION_CONDITIONS = "DEBUG $(inherited)";
				SWIFT_OPTIMIZATION_LEVEL = "-Onone";
			};
			name = Debug;
		};
		78D9550E2CAB1632009D6DDD /* Release */ = {
			isa = XCBuildConfiguration;
			buildSettings = {
				ALWAYS_SEARCH_USER_PATHS = NO;
				ASSETCATALOG_COMPILER_GENERATE_SWIFT_ASSET_SYMBOL_EXTENSIONS = YES;
				CLANG_ANALYZER_NONNULL = YES;
				CLANG_ANALYZER_NUMBER_OBJECT_CONVERSION = YES_AGGRESSIVE;
				CLANG_CXX_LANGUAGE_STANDARD = "gnu++20";
				CLANG_ENABLE_MODULES = YES;
				CLANG_ENABLE_OBJC_ARC = YES;
				CLANG_ENABLE_OBJC_WEAK = YES;
				CLANG_WARN_BLOCK_CAPTURE_AUTORELEASING = YES;
				CLANG_WARN_BOOL_CONVERSION = YES;
				CLANG_WARN_COMMA = YES;
				CLANG_WARN_CONSTANT_CONVERSION = YES;
				CLANG_WARN_DEPRECATED_OBJC_IMPLEMENTATIONS = YES;
				CLANG_WARN_DIRECT_OBJC_ISA_USAGE = YES_ERROR;
				CLANG_WARN_DOCUMENTATION_COMMENTS = YES;
				CLANG_WARN_EMPTY_BODY = YES;
				CLANG_WARN_ENUM_CONVERSION = YES;
				CLANG_WARN_INFINITE_RECURSION = YES;
				CLANG_WARN_INT_CONVERSION = YES;
				CLANG_WARN_NON_LITERAL_NULL_CONVERSION = YES;
				CLANG_WARN_OBJC_IMPLICIT_RETAIN_SELF = YES;
				CLANG_WARN_OBJC_LITERAL_CONVERSION = YES;
				CLANG_WARN_OBJC_ROOT_CLASS = YES_ERROR;
				CLANG_WARN_QUOTED_INCLUDE_IN_FRAMEWORK_HEADER = YES;
				CLANG_WARN_RANGE_LOOP_ANALYSIS = YES;
				CLANG_WARN_STRICT_PROTOTYPES = YES;
				CLANG_WARN_SUSPICIOUS_MOVE = YES;
				CLANG_WARN_UNGUARDED_AVAILABILITY = YES_AGGRESSIVE;
				CLANG_WARN_UNREACHABLE_CODE = YES;
				CLANG_WARN__DUPLICATE_METHOD_MATCH = YES;
				COPY_PHASE_STRIP = NO;
				DEBUG_INFORMATION_FORMAT = "dwarf-with-dsym";
				ENABLE_NS_ASSERTIONS = NO;
				ENABLE_STRICT_OBJC_MSGSEND = YES;
				ENABLE_USER_SCRIPT_SANDBOXING = YES;
				GCC_C_LANGUAGE_STANDARD = gnu17;
				GCC_NO_COMMON_BLOCKS = YES;
				GCC_WARN_64_TO_32_BIT_CONVERSION = YES;
				GCC_WARN_ABOUT_RETURN_TYPE = YES_ERROR;
				GCC_WARN_UNDECLARED_SELECTOR = YES;
				GCC_WARN_UNINITIALIZED_AUTOS = YES_AGGRESSIVE;
				GCC_WARN_UNUSED_FUNCTION = YES;
				GCC_WARN_UNUSED_VARIABLE = YES;
				IPHONEOS_DEPLOYMENT_TARGET = 17.2;
				LOCALIZATION_PREFERS_STRING_CATALOGS = YES;
				MTL_ENABLE_DEBUG_INFO = NO;
				MTL_FAST_MATH = YES;
				SDKROOT = iphoneos;
				SWIFT_COMPILATION_MODE = wholemodule;
				VALIDATE_PRODUCT = YES;
			};
			name = Release;
		};
		78D955102CAB1632009D6DDD /* Debug */ = {
			isa = XCBuildConfiguration;
			buildSettings = {
				ASSETCATALOG_COMPILER_APPICON_NAME = AppIcon;
				ASSETCATALOG_COMPILER_GLOBAL_ACCENT_COLOR_NAME = AccentColor;
				CODE_SIGN_STYLE = Automatic;
				CURRENT_PROJECT_VERSION = 1;
				DEVELOPMENT_ASSET_PATHS = "\"MadLibHackwich/Preview Content\"";
				DEVELOPMENT_TEAM = 8N6VY3NPPM;
				ENABLE_PREVIEWS = YES;
				GENERATE_INFOPLIST_FILE = YES;
				INFOPLIST_KEY_UIApplicationSceneManifest_Generation = YES;
				INFOPLIST_KEY_UIApplicationSupportsIndirectInputEvents = YES;
				INFOPLIST_KEY_UILaunchScreen_Generation = YES;
				INFOPLIST_KEY_UISupportedInterfaceOrientations_iPad = "UIInterfaceOrientationPortrait UIInterfaceOrientationPortraitUpsideDown UIInterfaceOrientationLandscapeLeft UIInterfaceOrientationLandscapeRight";
				INFOPLIST_KEY_UISupportedInterfaceOrientations_iPhone = "UIInterfaceOrientationPortrait UIInterfaceOrientationLandscapeLeft UIInterfaceOrientationLandscapeRight";
				LD_RUNPATH_SEARCH_PATHS = (
					"$(inherited)",
					"@executable_path/Frameworks",
				);
				MARKETING_VERSION = 1.0;
				PRODUCT_BUNDLE_IDENTIFIER = "-17-Productions.MadLibHackwich";
				PRODUCT_NAME = "$(TARGET_NAME)";
				SWIFT_EMIT_LOC_STRINGS = YES;
				SWIFT_VERSION = 5.0;
				TARGETED_DEVICE_FAMILY = "1,2";
			};
			name = Debug;
		};
		78D955112CAB1632009D6DDD /* Release */ = {
			isa = XCBuildConfiguration;
			buildSettings = {
				ASSETCATALOG_COMPILER_APPICON_NAME = AppIcon;
				ASSETCATALOG_COMPILER_GLOBAL_ACCENT_COLOR_NAME = AccentColor;
				CODE_SIGN_STYLE = Automatic;
				CURRENT_PROJECT_VERSION = 1;
				DEVELOPMENT_ASSET_PATHS = "\"MadLibHackwich/Preview Content\"";
				DEVELOPMENT_TEAM = 8N6VY3NPPM;
				ENABLE_PREVIEWS = YES;
				GENERATE_INFOPLIST_FILE = YES;
				INFOPLIST_KEY_UIApplicationSceneManifest_Generation = YES;
				INFOPLIST_KEY_UIApplicationSupportsIndirectInputEvents = YES;
				INFOPLIST_KEY_UILaunchScreen_Generation = YES;
				INFOPLIST_KEY_UISupportedInterfaceOrientations_iPad = "UIInterfaceOrientationPortrait UIInterfaceOrientationPortraitUpsideDown UIInterfaceOrientationLandscapeLeft UIInterfaceOrientationLandscapeRight";
				INFOPLIST_KEY_UISupportedInterfaceOrientations_iPhone = "UIInterfaceOrientationPortrait UIInterfaceOrientationLandscapeLeft UIInterfaceOrientationLandscapeRight";
				LD_RUNPATH_SEARCH_PATHS = (
					"$(inherited)",
					"@executable_path/Frameworks",
				);
				MARKETING_VERSION = 1.0;
				PRODUCT_BUNDLE_IDENTIFIER = "-17-Productions.MadLibHackwich";
				PRODUCT_NAME = "$(TARGET_NAME)";
				SWIFT_EMIT_LOC_STRINGS = YES;
				SWIFT_VERSION = 5.0;
				TARGETED_DEVICE_FAMILY = "1,2";
			};
			name = Release;
		};
/* End XCBuildConfiguration section */

/* Begin XCConfigurationList section */
		78D954FC2CAB1630009D6DDD /* Build configuration list for PBXProject "MadLibHackwich" */ = {
			isa = XCConfigurationList;
			buildConfigurations = (
				78D9550D2CAB1632009D6DDD /* Debug */,
				78D9550E2CAB1632009D6DDD /* Release */,
			);
			defaultConfigurationIsVisible = 0;
			defaultConfigurationName = Release;
		};
		78D9550F2CAB1632009D6DDD /* Build configuration list for PBXNativeTarget "MadLibHackwich" */ = {
			isa = XCConfigurationList;
			buildConfigurations = (
				78D955102CAB1632009D6DDD /* Debug */,
				78D955112CAB1632009D6DDD /* Release */,
			);
			defaultConfigurationIsVisible = 0;
			defaultConfigurationName = Release;
		};
/* End XCConfigurationList section */
	};
	rootObject = 78D954F92CAB1630009D6DDD /* Project object */;
}
